# This file is automatically @generated by Cargo.
# It is not intended for manual editing.
[[package]]
name = "ahash"
version = "0.3.4"
source = "registry+https://github.com/rust-lang/crates.io-index"
dependencies = [
 "const-random 0.1.8 (registry+https://github.com/rust-lang/crates.io-index)",
]

[[package]]
name = "async-trait"
version = "0.1.31"
source = "registry+https://github.com/rust-lang/crates.io-index"
dependencies = [
 "proc-macro2 1.0.12 (registry+https://github.com/rust-lang/crates.io-index)",
 "quote 1.0.5 (registry+https://github.com/rust-lang/crates.io-index)",
 "syn 1.0.21 (registry+https://github.com/rust-lang/crates.io-index)",
]

[[package]]
name = "autocfg"
version = "1.0.0"
source = "registry+https://github.com/rust-lang/crates.io-index"

[[package]]
name = "bitflags"
version = "1.2.1"
source = "registry+https://github.com/rust-lang/crates.io-index"

[[package]]
name = "bytes"
version = "0.5.4"
source = "registry+https://github.com/rust-lang/crates.io-index"

[[package]]
name = "cfg-if"
version = "0.1.10"
source = "registry+https://github.com/rust-lang/crates.io-index"

[[package]]
name = "ci_info"
version = "0.10.1"
source = "registry+https://github.com/rust-lang/crates.io-index"
dependencies = [
 "envmnt 0.8.2 (registry+https://github.com/rust-lang/crates.io-index)",
]

[[package]]
name = "cloudabi"
version = "0.0.3"
source = "registry+https://github.com/rust-lang/crates.io-index"
dependencies = [
 "bitflags 1.2.1 (registry+https://github.com/rust-lang/crates.io-index)",
]

[[package]]
name = "const-random"
version = "0.1.8"
source = "registry+https://github.com/rust-lang/crates.io-index"
dependencies = [
 "const-random-macro 0.1.8 (registry+https://github.com/rust-lang/crates.io-index)",
 "proc-macro-hack 0.5.15 (registry+https://github.com/rust-lang/crates.io-index)",
]

[[package]]
name = "const-random-macro"
version = "0.1.8"
source = "registry+https://github.com/rust-lang/crates.io-index"
dependencies = [
 "getrandom 0.1.14 (registry+https://github.com/rust-lang/crates.io-index)",
 "proc-macro-hack 0.5.15 (registry+https://github.com/rust-lang/crates.io-index)",
]

[[package]]
name = "dashmap"
version = "3.11.1"
source = "registry+https://github.com/rust-lang/crates.io-index"
dependencies = [
 "ahash 0.3.4 (registry+https://github.com/rust-lang/crates.io-index)",
 "cfg-if 0.1.10 (registry+https://github.com/rust-lang/crates.io-index)",
 "num_cpus 1.13.0 (registry+https://github.com/rust-lang/crates.io-index)",
]

[[package]]
name = "env_logger"
version = "0.7.1"
source = "registry+https://github.com/rust-lang/crates.io-index"
dependencies = [
 "log 0.4.8 (registry+https://github.com/rust-lang/crates.io-index)",
]

[[package]]
name = "envmnt"
version = "0.8.2"
source = "registry+https://github.com/rust-lang/crates.io-index"
dependencies = [
 "fsio 0.1.2 (registry+https://github.com/rust-lang/crates.io-index)",
 "indexmap 1.3.2 (registry+https://github.com/rust-lang/crates.io-index)",
]

[[package]]
name = "fnv"
version = "1.0.7"
source = "registry+https://github.com/rust-lang/crates.io-index"

[[package]]
name = "fsio"
version = "0.1.2"
source = "registry+https://github.com/rust-lang/crates.io-index"

[[package]]
name = "fuchsia-zircon"
version = "0.3.3"
source = "registry+https://github.com/rust-lang/crates.io-index"
dependencies = [
 "bitflags 1.2.1 (registry+https://github.com/rust-lang/crates.io-index)",
 "fuchsia-zircon-sys 0.3.3 (registry+https://github.com/rust-lang/crates.io-index)",
]

[[package]]
name = "fuchsia-zircon-sys"
version = "0.3.3"
source = "registry+https://github.com/rust-lang/crates.io-index"

[[package]]
name = "futures-core"
version = "0.3.5"
source = "registry+https://github.com/rust-lang/crates.io-index"

[[package]]
name = "futures-intrusive"
version = "0.3.1"
source = "registry+https://github.com/rust-lang/crates.io-index"
dependencies = [
 "futures-core 0.3.5 (registry+https://github.com/rust-lang/crates.io-index)",
 "lock_api 0.3.4 (registry+https://github.com/rust-lang/crates.io-index)",
 "parking_lot 0.10.2 (registry+https://github.com/rust-lang/crates.io-index)",
]

[[package]]
name = "getopts"
version = "0.2.21"
source = "registry+https://github.com/rust-lang/crates.io-index"
dependencies = [
 "unicode-width 0.1.7 (registry+https://github.com/rust-lang/crates.io-index)",
]

[[package]]
name = "getrandom"
version = "0.1.14"
source = "registry+https://github.com/rust-lang/crates.io-index"
dependencies = [
 "cfg-if 0.1.10 (registry+https://github.com/rust-lang/crates.io-index)",
 "libc 0.2.70 (registry+https://github.com/rust-lang/crates.io-index)",
 "wasi 0.9.0+wasi-snapshot-preview1 (registry+https://github.com/rust-lang/crates.io-index)",
]

[[package]]
name = "hermit-abi"
version = "0.1.12"
source = "registry+https://github.com/rust-lang/crates.io-index"
dependencies = [
 "libc 0.2.70 (registry+https://github.com/rust-lang/crates.io-index)",
]

[[package]]
name = "hop"
version = "0.1.0"
dependencies = [
 "async-trait 0.1.31 (registry+https://github.com/rust-lang/crates.io-index)",
 "dashmap 3.11.1 (registry+https://github.com/rust-lang/crates.io-index)",
 "hop-engine 0.1.0",
 "static_assertions 1.1.0 (registry+https://github.com/rust-lang/crates.io-index)",
 "tokio 0.2.21 (registry+https://github.com/rust-lang/crates.io-index)",
]

[[package]]
name = "hop-cli"
version = "0.1.0"
dependencies = [
 "hop 0.1.0",
 "hop-cli-lib 0.1.0",
 "tokio 0.2.21 (registry+https://github.com/rust-lang/crates.io-index)",
]

[[package]]
name = "hop-cli-lib"
version = "0.1.0"
dependencies = [
 "hop 0.1.0",
 "hop-engine 0.1.0",
]

[[package]]
name = "hop-engine"
version = "0.1.0"
dependencies = [
 "dashmap 3.11.1 (registry+https://github.com/rust-lang/crates.io-index)",
 "futures-intrusive 0.3.1 (registry+https://github.com/rust-lang/crates.io-index)",
 "hop-internal-metrics 0.1.0",
 "log 0.4.8 (registry+https://github.com/rust-lang/crates.io-index)",
 "static_assertions 1.1.0 (registry+https://github.com/rust-lang/crates.io-index)",
 "tokio 0.2.21 (registry+https://github.com/rust-lang/crates.io-index)",
]

[[package]]
name = "hop-internal-metrics"
version = "0.1.0"
dependencies = [
 "dashmap 3.11.1 (registry+https://github.com/rust-lang/crates.io-index)",
]

[[package]]
name = "hop-internal-timer"
version = "0.1.0"
dependencies = [
 "libc 0.2.70 (registry+https://github.com/rust-lang/crates.io-index)",
]

[[package]]
name = "hop-server"
version = "0.1.0"
dependencies = [
 "env_logger 0.7.1 (registry+https://github.com/rust-lang/crates.io-index)",
 "hop-engine 0.1.0",
 "log 0.4.8 (registry+https://github.com/rust-lang/crates.io-index)",
 "rusty-hook 0.11.1 (registry+https://github.com/rust-lang/crates.io-index)",
 "tokio 0.2.21 (registry+https://github.com/rust-lang/crates.io-index)",
]

[[package]]
name = "indexmap"
version = "1.3.2"
source = "registry+https://github.com/rust-lang/crates.io-index"
dependencies = [
 "autocfg 1.0.0 (registry+https://github.com/rust-lang/crates.io-index)",
]

[[package]]
name = "iovec"
version = "0.1.4"
source = "registry+https://github.com/rust-lang/crates.io-index"
dependencies = [
 "libc 0.2.70 (registry+https://github.com/rust-lang/crates.io-index)",
]

[[package]]
name = "kernel32-sys"
version = "0.2.2"
source = "registry+https://github.com/rust-lang/crates.io-index"
dependencies = [
 "winapi 0.2.8 (registry+https://github.com/rust-lang/crates.io-index)",
 "winapi-build 0.1.1 (registry+https://github.com/rust-lang/crates.io-index)",
]

[[package]]
name = "lazy_static"
version = "1.4.0"
source = "registry+https://github.com/rust-lang/crates.io-index"

[[package]]
name = "libc"
version = "0.2.70"
source = "registry+https://github.com/rust-lang/crates.io-index"

[[package]]
name = "lock_api"
version = "0.3.4"
source = "registry+https://github.com/rust-lang/crates.io-index"
dependencies = [
 "scopeguard 1.1.0 (registry+https://github.com/rust-lang/crates.io-index)",
]

[[package]]
name = "log"
version = "0.4.8"
source = "registry+https://github.com/rust-lang/crates.io-index"
dependencies = [
 "cfg-if 0.1.10 (registry+https://github.com/rust-lang/crates.io-index)",
]

[[package]]
name = "memchr"
version = "2.3.3"
source = "registry+https://github.com/rust-lang/crates.io-index"

[[package]]
name = "mio"
version = "0.6.22"
source = "registry+https://github.com/rust-lang/crates.io-index"
dependencies = [
 "cfg-if 0.1.10 (registry+https://github.com/rust-lang/crates.io-index)",
 "fuchsia-zircon 0.3.3 (registry+https://github.com/rust-lang/crates.io-index)",
 "fuchsia-zircon-sys 0.3.3 (registry+https://github.com/rust-lang/crates.io-index)",
 "iovec 0.1.4 (registry+https://github.com/rust-lang/crates.io-index)",
 "kernel32-sys 0.2.2 (registry+https://github.com/rust-lang/crates.io-index)",
 "libc 0.2.70 (registry+https://github.com/rust-lang/crates.io-index)",
 "log 0.4.8 (registry+https://github.com/rust-lang/crates.io-index)",
 "miow 0.2.1 (registry+https://github.com/rust-lang/crates.io-index)",
 "net2 0.2.34 (registry+https://github.com/rust-lang/crates.io-index)",
 "slab 0.4.2 (registry+https://github.com/rust-lang/crates.io-index)",
 "winapi 0.2.8 (registry+https://github.com/rust-lang/crates.io-index)",
]

[[package]]
name = "mio-uds"
version = "0.6.8"
source = "registry+https://github.com/rust-lang/crates.io-index"
dependencies = [
 "iovec 0.1.4 (registry+https://github.com/rust-lang/crates.io-index)",
 "libc 0.2.70 (registry+https://github.com/rust-lang/crates.io-index)",
 "mio 0.6.22 (registry+https://github.com/rust-lang/crates.io-index)",
]

[[package]]
name = "miow"
version = "0.2.1"
source = "registry+https://github.com/rust-lang/crates.io-index"
dependencies = [
 "kernel32-sys 0.2.2 (registry+https://github.com/rust-lang/crates.io-index)",
 "net2 0.2.34 (registry+https://github.com/rust-lang/crates.io-index)",
 "winapi 0.2.8 (registry+https://github.com/rust-lang/crates.io-index)",
 "ws2_32-sys 0.2.1 (registry+https://github.com/rust-lang/crates.io-index)",
]

[[package]]
name = "net2"
version = "0.2.34"
source = "registry+https://github.com/rust-lang/crates.io-index"
dependencies = [
 "cfg-if 0.1.10 (registry+https://github.com/rust-lang/crates.io-index)",
 "libc 0.2.70 (registry+https://github.com/rust-lang/crates.io-index)",
 "winapi 0.3.8 (registry+https://github.com/rust-lang/crates.io-index)",
]

[[package]]
name = "nias"
version = "0.5.0"
source = "registry+https://github.com/rust-lang/crates.io-index"

[[package]]
name = "num_cpus"
version = "1.13.0"
source = "registry+https://github.com/rust-lang/crates.io-index"
dependencies = [
 "hermit-abi 0.1.12 (registry+https://github.com/rust-lang/crates.io-index)",
 "libc 0.2.70 (registry+https://github.com/rust-lang/crates.io-index)",
]

[[package]]
name = "parking_lot"
version = "0.10.2"
source = "registry+https://github.com/rust-lang/crates.io-index"
dependencies = [
 "lock_api 0.3.4 (registry+https://github.com/rust-lang/crates.io-index)",
 "parking_lot_core 0.7.2 (registry+https://github.com/rust-lang/crates.io-index)",
]

[[package]]
name = "parking_lot_core"
version = "0.7.2"
source = "registry+https://github.com/rust-lang/crates.io-index"
dependencies = [
 "cfg-if 0.1.10 (registry+https://github.com/rust-lang/crates.io-index)",
 "cloudabi 0.0.3 (registry+https://github.com/rust-lang/crates.io-index)",
 "libc 0.2.70 (registry+https://github.com/rust-lang/crates.io-index)",
 "redox_syscall 0.1.56 (registry+https://github.com/rust-lang/crates.io-index)",
 "smallvec 1.4.0 (registry+https://github.com/rust-lang/crates.io-index)",
 "winapi 0.3.8 (registry+https://github.com/rust-lang/crates.io-index)",
]

[[package]]
name = "pin-project-lite"
version = "0.1.5"
source = "registry+https://github.com/rust-lang/crates.io-index"

[[package]]
name = "proc-macro-hack"
version = "0.5.15"
source = "registry+https://github.com/rust-lang/crates.io-index"

[[package]]
name = "proc-macro2"
version = "1.0.12"
source = "registry+https://github.com/rust-lang/crates.io-index"
dependencies = [
 "unicode-xid 0.2.0 (registry+https://github.com/rust-lang/crates.io-index)",
]

[[package]]
name = "quote"
version = "1.0.5"
source = "registry+https://github.com/rust-lang/crates.io-index"
dependencies = [
 "proc-macro2 1.0.12 (registry+https://github.com/rust-lang/crates.io-index)",
]

[[package]]
name = "redox_syscall"
version = "0.1.56"
source = "registry+https://github.com/rust-lang/crates.io-index"

[[package]]
name = "rusty-hook"
version = "0.11.1"
source = "registry+https://github.com/rust-lang/crates.io-index"
dependencies = [
 "ci_info 0.10.1 (registry+https://github.com/rust-lang/crates.io-index)",
 "getopts 0.2.21 (registry+https://github.com/rust-lang/crates.io-index)",
 "nias 0.5.0 (registry+https://github.com/rust-lang/crates.io-index)",
 "toml 0.5.6 (registry+https://github.com/rust-lang/crates.io-index)",
]

[[package]]
name = "scopeguard"
version = "1.1.0"
source = "registry+https://github.com/rust-lang/crates.io-index"

[[package]]
name = "serde"
version = "1.0.110"
source = "registry+https://github.com/rust-lang/crates.io-index"

[[package]]
name = "slab"
version = "0.4.2"
source = "registry+https://github.com/rust-lang/crates.io-index"

[[package]]
name = "smallvec"
version = "1.4.0"
source = "registry+https://github.com/rust-lang/crates.io-index"

[[package]]
name = "static_assertions"
version = "1.1.0"
source = "registry+https://github.com/rust-lang/crates.io-index"

[[package]]
name = "syn"
version = "1.0.21"
source = "registry+https://github.com/rust-lang/crates.io-index"
dependencies = [
 "proc-macro2 1.0.12 (registry+https://github.com/rust-lang/crates.io-index)",
 "quote 1.0.5 (registry+https://github.com/rust-lang/crates.io-index)",
 "unicode-xid 0.2.0 (registry+https://github.com/rust-lang/crates.io-index)",
]

[[package]]
name = "tokio"
version = "0.2.21"
source = "registry+https://github.com/rust-lang/crates.io-index"
dependencies = [
 "bytes 0.5.4 (registry+https://github.com/rust-lang/crates.io-index)",
 "fnv 1.0.7 (registry+https://github.com/rust-lang/crates.io-index)",
 "futures-core 0.3.5 (registry+https://github.com/rust-lang/crates.io-index)",
 "iovec 0.1.4 (registry+https://github.com/rust-lang/crates.io-index)",
 "lazy_static 1.4.0 (registry+https://github.com/rust-lang/crates.io-index)",
 "libc 0.2.70 (registry+https://github.com/rust-lang/crates.io-index)",
 "memchr 2.3.3 (registry+https://github.com/rust-lang/crates.io-index)",
 "mio 0.6.22 (registry+https://github.com/rust-lang/crates.io-index)",
 "mio-uds 0.6.8 (registry+https://github.com/rust-lang/crates.io-index)",
 "num_cpus 1.13.0 (registry+https://github.com/rust-lang/crates.io-index)",
 "pin-project-lite 0.1.5 (registry+https://github.com/rust-lang/crates.io-index)",
 "tokio-macros 0.2.5 (registry+https://github.com/rust-lang/crates.io-index)",
]

[[package]]
name = "tokio-macros"
version = "0.2.5"
source = "registry+https://github.com/rust-lang/crates.io-index"
dependencies = [
 "proc-macro2 1.0.12 (registry+https://github.com/rust-lang/crates.io-index)",
 "quote 1.0.5 (registry+https://github.com/rust-lang/crates.io-index)",
 "syn 1.0.21 (registry+https://github.com/rust-lang/crates.io-index)",
]

[[package]]
name = "toml"
version = "0.5.6"
source = "registry+https://github.com/rust-lang/crates.io-index"
dependencies = [
 "serde 1.0.110 (registry+https://github.com/rust-lang/crates.io-index)",
]

[[package]]
name = "unicode-width"
version = "0.1.7"
source = "registry+https://github.com/rust-lang/crates.io-index"

[[package]]
name = "unicode-xid"
version = "0.2.0"
source = "registry+https://github.com/rust-lang/crates.io-index"

[[package]]
name = "wasi"
version = "0.9.0+wasi-snapshot-preview1"
source = "registry+https://github.com/rust-lang/crates.io-index"

[[package]]
name = "winapi"
version = "0.2.8"
source = "registry+https://github.com/rust-lang/crates.io-index"

[[package]]
name = "winapi"
version = "0.3.8"
source = "registry+https://github.com/rust-lang/crates.io-index"
dependencies = [
 "winapi-i686-pc-windows-gnu 0.4.0 (registry+https://github.com/rust-lang/crates.io-index)",
 "winapi-x86_64-pc-windows-gnu 0.4.0 (registry+https://github.com/rust-lang/crates.io-index)",
]

[[package]]
name = "winapi-build"
version = "0.1.1"
source = "registry+https://github.com/rust-lang/crates.io-index"

[[package]]
name = "winapi-i686-pc-windows-gnu"
version = "0.4.0"
source = "registry+https://github.com/rust-lang/crates.io-index"

[[package]]
name = "winapi-x86_64-pc-windows-gnu"
version = "0.4.0"
source = "registry+https://github.com/rust-lang/crates.io-index"

[[package]]
name = "ws2_32-sys"
version = "0.2.1"
source = "registry+https://github.com/rust-lang/crates.io-index"
dependencies = [
 "winapi 0.2.8 (registry+https://github.com/rust-lang/crates.io-index)",
 "winapi-build 0.1.1 (registry+https://github.com/rust-lang/crates.io-index)",
]

[metadata]
"checksum ahash 0.3.4 (registry+https://github.com/rust-lang/crates.io-index)" = "9c251dce3391a07b43218ca070203ecb8f9f520d35ab71312296a59dbceab154"
"checksum async-trait 0.1.31 (registry+https://github.com/rust-lang/crates.io-index)" = "26c4f3195085c36ea8d24d32b2f828d23296a9370a28aa39d111f6f16bef9f3b"
"checksum autocfg 1.0.0 (registry+https://github.com/rust-lang/crates.io-index)" = "f8aac770f1885fd7e387acedd76065302551364496e46b3dd00860b2f8359b9d"
"checksum bitflags 1.2.1 (registry+https://github.com/rust-lang/crates.io-index)" = "cf1de2fe8c75bc145a2f577add951f8134889b4795d47466a54a5c846d691693"
"checksum bytes 0.5.4 (registry+https://github.com/rust-lang/crates.io-index)" = "130aac562c0dd69c56b3b1cc8ffd2e17be31d0b6c25b61c96b76231aa23e39e1"
"checksum cfg-if 0.1.10 (registry+https://github.com/rust-lang/crates.io-index)" = "4785bdd1c96b2a846b2bd7cc02e86b6b3dbf14e7e53446c4f54c92a361040822"
"checksum ci_info 0.10.1 (registry+https://github.com/rust-lang/crates.io-index)" = "a19c5f9baeac8a1176ca7fc58a0cc1abadd84d360365a93d1dd31e926f3f502b"
"checksum cloudabi 0.0.3 (registry+https://github.com/rust-lang/crates.io-index)" = "ddfc5b9aa5d4507acaf872de71051dfd0e309860e88966e1051e462a077aac4f"
"checksum const-random 0.1.8 (registry+https://github.com/rust-lang/crates.io-index)" = "2f1af9ac737b2dd2d577701e59fd09ba34822f6f2ebdb30a7647405d9e55e16a"
"checksum const-random-macro 0.1.8 (registry+https://github.com/rust-lang/crates.io-index)" = "25e4c606eb459dd29f7c57b2e0879f2b6f14ee130918c2b78ccb58a9624e6c7a"
"checksum dashmap 3.11.1 (registry+https://github.com/rust-lang/crates.io-index)" = "0f87a04c37da1d3d27db1fb7f372802b72fb8c3ff3e9c0914530995127f4a6a1"
"checksum env_logger 0.7.1 (registry+https://github.com/rust-lang/crates.io-index)" = "44533bbbb3bb3c1fa17d9f2e4e38bbbaf8396ba82193c4cb1b6445d711445d36"
"checksum envmnt 0.8.2 (registry+https://github.com/rust-lang/crates.io-index)" = "5fba7e7d8c007e12db7b3bd6f04b8e47e206c9173d9c75413a042ccc941723c8"
"checksum fnv 1.0.7 (registry+https://github.com/rust-lang/crates.io-index)" = "3f9eec918d3f24069decb9af1554cad7c880e2da24a9afd88aca000531ab82c1"
"checksum fsio 0.1.2 (registry+https://github.com/rust-lang/crates.io-index)" = "2131cb03096f67334dfba2f0bc46afc5564b08a919d042c6e217e2665741fc54"
"checksum fuchsia-zircon 0.3.3 (registry+https://github.com/rust-lang/crates.io-index)" = "2e9763c69ebaae630ba35f74888db465e49e259ba1bc0eda7d06f4a067615d82"
"checksum fuchsia-zircon-sys 0.3.3 (registry+https://github.com/rust-lang/crates.io-index)" = "3dcaa9ae7725d12cdb85b3ad99a434db70b468c09ded17e012d86b5c1010f7a7"
"checksum futures-core 0.3.5 (registry+https://github.com/rust-lang/crates.io-index)" = "59f5fff90fd5d971f936ad674802482ba441b6f09ba5e15fd8b39145582ca399"
"checksum futures-intrusive 0.3.1 (registry+https://github.com/rust-lang/crates.io-index)" = "bc1529d07bd55fa54fc6c2d8460f621cfde0ae3fd2b96b2fa7eb4883478e1703"
"checksum getopts 0.2.21 (registry+https://github.com/rust-lang/crates.io-index)" = "14dbbfd5c71d70241ecf9e6f13737f7b5ce823821063188d7e46c41d371eebd5"
"checksum getrandom 0.1.14 (registry+https://github.com/rust-lang/crates.io-index)" = "7abc8dd8451921606d809ba32e95b6111925cd2906060d2dcc29c070220503eb"
"checksum hermit-abi 0.1.12 (registry+https://github.com/rust-lang/crates.io-index)" = "61565ff7aaace3525556587bd2dc31d4a07071957be715e63ce7b1eccf51a8f4"
"checksum indexmap 1.3.2 (registry+https://github.com/rust-lang/crates.io-index)" = "076f042c5b7b98f31d205f1249267e12a6518c1481e9dae9764af19b707d2292"
"checksum iovec 0.1.4 (registry+https://github.com/rust-lang/crates.io-index)" = "b2b3ea6ff95e175473f8ffe6a7eb7c00d054240321b84c57051175fe3c1e075e"
"checksum kernel32-sys 0.2.2 (registry+https://github.com/rust-lang/crates.io-index)" = "7507624b29483431c0ba2d82aece8ca6cdba9382bff4ddd0f7490560c056098d"
"checksum lazy_static 1.4.0 (registry+https://github.com/rust-lang/crates.io-index)" = "e2abad23fbc42b3700f2f279844dc832adb2b2eb069b2df918f455c4e18cc646"
"checksum libc 0.2.70 (registry+https://github.com/rust-lang/crates.io-index)" = "3baa92041a6fec78c687fa0cc2b3fae8884f743d672cf551bed1d6dac6988d0f"
"checksum lock_api 0.3.4 (registry+https://github.com/rust-lang/crates.io-index)" = "c4da24a77a3d8a6d4862d95f72e6fdb9c09a643ecdb402d754004a557f2bec75"
"checksum log 0.4.8 (registry+https://github.com/rust-lang/crates.io-index)" = "14b6052be84e6b71ab17edffc2eeabf5c2c3ae1fdb464aae35ac50c67a44e1f7"
"checksum memchr 2.3.3 (registry+https://github.com/rust-lang/crates.io-index)" = "3728d817d99e5ac407411fa471ff9800a778d88a24685968b36824eaf4bee400"
"checksum mio 0.6.22 (registry+https://github.com/rust-lang/crates.io-index)" = "fce347092656428bc8eaf6201042cb551b8d67855af7374542a92a0fbfcac430"
"checksum mio-uds 0.6.8 (registry+https://github.com/rust-lang/crates.io-index)" = "afcb699eb26d4332647cc848492bbc15eafb26f08d0304550d5aa1f612e066f0"
"checksum miow 0.2.1 (registry+https://github.com/rust-lang/crates.io-index)" = "8c1f2f3b1cf331de6896aabf6e9d55dca90356cc9960cca7eaaf408a355ae919"
"checksum net2 0.2.34 (registry+https://github.com/rust-lang/crates.io-index)" = "2ba7c918ac76704fb42afcbbb43891e72731f3dcca3bef2a19786297baf14af7"
"checksum nias 0.5.0 (registry+https://github.com/rust-lang/crates.io-index)" = "ab250442c86f1850815b5d268639dff018c0627022bc1940eb2d642ca1ce12f0"
"checksum num_cpus 1.13.0 (registry+https://github.com/rust-lang/crates.io-index)" = "05499f3756671c15885fee9034446956fff3f243d6077b91e5767df161f766b3"
"checksum parking_lot 0.10.2 (registry+https://github.com/rust-lang/crates.io-index)" = "d3a704eb390aafdc107b0e392f56a82b668e3a71366993b5340f5833fd62505e"
"checksum parking_lot_core 0.7.2 (registry+https://github.com/rust-lang/crates.io-index)" = "d58c7c768d4ba344e3e8d72518ac13e259d7c7ade24167003b8488e10b6740a3"
"checksum pin-project-lite 0.1.5 (registry+https://github.com/rust-lang/crates.io-index)" = "f7505eeebd78492e0f6108f7171c4948dbb120ee8119d9d77d0afa5469bef67f"
"checksum proc-macro-hack 0.5.15 (registry+https://github.com/rust-lang/crates.io-index)" = "0d659fe7c6d27f25e9d80a1a094c223f5246f6a6596453e09d7229bf42750b63"
"checksum proc-macro2 1.0.12 (registry+https://github.com/rust-lang/crates.io-index)" = "8872cf6f48eee44265156c111456a700ab3483686b3f96df4cf5481c89157319"
"checksum quote 1.0.5 (registry+https://github.com/rust-lang/crates.io-index)" = "42934bc9c8ab0d3b273a16d8551c8f0fcff46be73276ca083ec2414c15c4ba5e"
"checksum redox_syscall 0.1.56 (registry+https://github.com/rust-lang/crates.io-index)" = "2439c63f3f6139d1b57529d16bc3b8bb855230c8efcc5d3a896c8bea7c3b1e84"
"checksum rusty-hook 0.11.1 (registry+https://github.com/rust-lang/crates.io-index)" = "27138b73a8ce63ae918707a5e3b57f9b0c0842a57b82f0e43474cf4e3aaf0ff4"
"checksum scopeguard 1.1.0 (registry+https://github.com/rust-lang/crates.io-index)" = "d29ab0c6d3fc0ee92fe66e2d99f700eab17a8d57d1c1d3b748380fb20baa78cd"
"checksum serde 1.0.110 (registry+https://github.com/rust-lang/crates.io-index)" = "99e7b308464d16b56eba9964e4972a3eee817760ab60d88c3f86e1fecb08204c"
"checksum slab 0.4.2 (registry+https://github.com/rust-lang/crates.io-index)" = "c111b5bd5695e56cffe5129854aa230b39c93a305372fdbb2668ca2394eea9f8"
"checksum smallvec 1.4.0 (registry+https://github.com/rust-lang/crates.io-index)" = "c7cb5678e1615754284ec264d9bb5b4c27d2018577fd90ac0ceb578591ed5ee4"
"checksum static_assertions 1.1.0 (registry+https://github.com/rust-lang/crates.io-index)" = "a2eb9349b6444b326872e140eb1cf5e7c522154d69e7a0ffb0fb81c06b37543f"
"checksum syn 1.0.21 (registry+https://github.com/rust-lang/crates.io-index)" = "4696caa4048ac7ce2bcd2e484b3cef88c1004e41b8e945a277e2c25dc0b72060"
"checksum tokio 0.2.21 (registry+https://github.com/rust-lang/crates.io-index)" = "d099fa27b9702bed751524694adbe393e18b36b204da91eb1cbbbbb4a5ee2d58"
"checksum tokio-macros 0.2.5 (registry+https://github.com/rust-lang/crates.io-index)" = "f0c3acc6aa564495a0f2e1d59fab677cd7f81a19994cfc7f3ad0e64301560389"
"checksum toml 0.5.6 (registry+https://github.com/rust-lang/crates.io-index)" = "ffc92d160b1eef40665be3a05630d003936a3bc7da7421277846c2613e92c71a"
"checksum unicode-width 0.1.7 (registry+https://github.com/rust-lang/crates.io-index)" = "caaa9d531767d1ff2150b9332433f32a24622147e5ebb1f26409d5da67afd479"
"checksum unicode-xid 0.2.0 (registry+https://github.com/rust-lang/crates.io-index)" = "826e7639553986605ec5979c7dd957c7895e93eabed50ab2ffa7f6128a75097c"
"checksum wasi 0.9.0+wasi-snapshot-preview1 (registry+https://github.com/rust-lang/crates.io-index)" = "cccddf32554fecc6acb585f82a32a72e28b48f8c4c1883ddfeeeaa96f7d8e519"
"checksum winapi 0.2.8 (registry+https://github.com/rust-lang/crates.io-index)" = "167dc9d6949a9b857f3451275e911c3f44255842c1f7a76f33c55103a909087a"
"checksum winapi 0.3.8 (registry+https://github.com/rust-lang/crates.io-index)" = "8093091eeb260906a183e6ae1abdba2ef5ef2257a21801128899c3fc699229c6"
"checksum winapi-build 0.1.1 (registry+https://github.com/rust-lang/crates.io-index)" = "2d315eee3b34aca4797b2da6b13ed88266e6d612562a0c46390af8299fc699bc"
"checksum winapi-i686-pc-windows-gnu 0.4.0 (registry+https://github.com/rust-lang/crates.io-index)" = "ac3b87c63620426dd9b991e5ce0329eff545bccbbb34f3be09ff6fb6ab51b7b6"
"checksum winapi-x86_64-pc-windows-gnu 0.4.0 (registry+https://github.com/rust-lang/crates.io-index)" = "712e227841d057c1ee1cd2fb22fa7e5a5461ae8e48fa2ca79ec42cfc1931183f"
"checksum ws2_32-sys 0.2.1 (registry+https://github.com/rust-lang/crates.io-index)" = "d59cefebd0c892fa2dd6de581e937301d8552cb44489cdff035c6187cb63fa5e"
